{
  "name": "tomlouwerse-new-site",
  "lockfileVersion": 3,
  "requires": true,
  "packages": {
    "": {
      "dependencies": {
        "netlify-plugin-mastodon-alias": "^1.0.1"
      }
    },
    "node_modules/netlify-plugin-mastodon-alias": {
      "version": "1.0.1",
      "resolved": "https://registry.npmjs.org/netlify-plugin-mastodon-alias/-/netlify-plugin-mastodon-alias-1.0.1.tgz",
      "integrity": "sha512-SteQSABsYGbTQjb/ixjhjRpH01dknDFiXAmihEM4HDaEERLVYosX+73DoPvWHuqXnqGNfUE4mEw0HCyj5GQtZA=="
    }
  }
}
